
Microsoft Visual Studio Solution File, Format Version 12.00
# Visual Studio Version 17
VisualStudioVersion = 17.6.33815.320
MinimumVisualStudioVersion = 10.0.40219.1
Project("{9A19103F-16F7-4668-BE54-9A1E7A4F7556}") = "SimpleChatRooms", "SimpleChatRooms\SimpleChatRooms.csproj", "{16B3F467-CEDE-4A54-BB17-34D750211561}"
	ProjectSection(ProjectDependencies) = postProject
		{7A977A53-4D04-48A8-8C7B-EB95336C6CC7} = {7A977A53-4D04-48A8-8C7B-EB95336C6CC7}
		{EA53A93B-5473-43EB-9CE6-DBFCE5F852FC} = {EA53A93B-5473-43EB-9CE6-DBFCE5F852FC}
	EndProjectSection
EndProject
Project("{9A19103F-16F7-4668-BE54-9A1E7A4F7556}") = "SimpleChatRooms.Models", "SimpleChatRooms.Models\SimpleChatRooms.Models.csproj", "{7A977A53-4D04-48A8-8C7B-EB95336C6CC7}"
EndProject
Project("{9A19103F-16F7-4668-BE54-9A1E7A4F7556}") = "SimpleChatRooms.Data", "SimoleChatRooms.Data\SimpleChatRooms.Data.csproj", "{EA53A93B-5473-43EB-9CE6-DBFCE5F852FC}"
EndProject
Project("{FAE04EC0-301F-11D3-BF4B-00C04F79EFBC}") = "SimpleChatRooms.Test", "SimpleChatRooms.Test\SimpleChatRooms.Test.csproj", "{F1AFCB1A-532B-497A-B5F4-8AD3C333059C}"
EndProject
Project("{FAE04EC0-301F-11D3-BF4B-00C04F79EFBC}") = "SimpleChatRooms.Interfaces", "SimpleChatRooms.Interfaces\SimpleChatRooms.Interfaces.csproj", "{C60E7A00-3C8C-4923-BF0C-F637FEA09084}"
EndProject
Global
	GlobalSection(SolutionConfigurationPlatforms) = preSolution
		Debug|Any CPU = Debug|Any CPU
		Release|Any CPU = Release|Any CPU
	EndGlobalSection
	GlobalSection(ProjectConfigurationPlatforms) = postSolution
		{16B3F467-CEDE-4A54-BB17-34D750211561}.Debug|Any CPU.ActiveCfg = Debug|Any CPU
		{16B3F467-CEDE-4A54-BB17-34D750211561}.Debug|Any CPU.Build.0 = Debug|Any CPU
		{16B3F467-CEDE-4A54-BB17-34D750211561}.Release|Any CPU.ActiveCfg = Release|Any CPU
		{16B3F467-CEDE-4A54-BB17-34D750211561}.Release|Any CPU.Build.0 = Release|Any CPU
		{7A977A53-4D04-48A8-8C7B-EB95336C6CC7}.Debug|Any CPU.ActiveCfg = Debug|Any CPU
		{7A977A53-4D04-48A8-8C7B-EB95336C6CC7}.Debug|Any CPU.Build.0 = Debug|Any CPU
		{7A977A53-4D04-48A8-8C7B-EB95336C6CC7}.Release|Any CPU.ActiveCfg = Release|Any CPU
		{7A977A53-4D04-48A8-8C7B-EB95336C6CC7}.Release|Any CPU.Build.0 = Release|Any CPU
		{EA53A93B-5473-43EB-9CE6-DBFCE5F852FC}.Debug|Any CPU.ActiveCfg = Debug|Any CPU
		{EA53A93B-5473-43EB-9CE6-DBFCE5F852FC}.Debug|Any CPU.Build.0 = Debug|Any CPU
		{EA53A93B-5473-43EB-9CE6-DBFCE5F852FC}.Release|Any CPU.ActiveCfg = Release|Any CPU
		{EA53A93B-5473-43EB-9CE6-DBFCE5F852FC}.Release|Any CPU.Build.0 = Release|Any CPU
		{F1AFCB1A-532B-497A-B5F4-8AD3C333059C}.Debug|Any CPU.ActiveCfg = Debug|Any CPU
		{F1AFCB1A-532B-497A-B5F4-8AD3C333059C}.Debug|Any CPU.Build.0 = Debug|Any CPU
		{F1AFCB1A-532B-497A-B5F4-8AD3C333059C}.Release|Any CPU.ActiveCfg = Release|Any CPU
		{F1AFCB1A-532B-497A-B5F4-8AD3C333059C}.Release|Any CPU.Build.0 = Release|Any CPU
		{C60E7A00-3C8C-4923-BF0C-F637FEA09084}.Debug|Any CPU.ActiveCfg = Debug|Any CPU
		{C60E7A00-3C8C-4923-BF0C-F637FEA09084}.Debug|Any CPU.Build.0 = Debug|Any CPU
		{C60E7A00-3C8C-4923-BF0C-F637FEA09084}.Release|Any CPU.ActiveCfg = Release|Any CPU
		{C60E7A00-3C8C-4923-BF0C-F637FEA09084}.Release|Any CPU.Build.0 = Release|Any CPU
	EndGlobalSection
	GlobalSection(SolutionProperties) = preSolution
		HideSolutionNode = FALSE
	EndGlobalSection
	GlobalSection(ExtensibilityGlobals) = postSolution
		SolutionGuid = {94B7B7D0-EFEE-4F67-9E8D-5A45380C1EB7}
	EndGlobalSection
EndGlobal
